
Microsoft Visual Studio Solution File, Format Version 12.00
# Visual Studio Version 17
VisualStudioVersion = 17.6.33815.320
MinimumVisualStudioVersion = 10.0.40219.1
Project("{FAE04EC0-301F-11D3-BF4B-00C04F79EFBC}") = "Prueba_XPD", "Prueba_XPD\Prueba_XPD.csproj", "{C87C3F62-F433-4708-AE0A-859909DF87C1}"
EndProject
Global
	GlobalSection(SolutionConfigurationPlatforms) = preSolution
		Debug|Any CPU = Debug|Any CPU
		Release|Any CPU = Release|Any CPU
	EndGlobalSection
	GlobalSection(ProjectConfigurationPlatforms) = postSolution
		{C87C3F62-F433-4708-AE0A-859909DF87C1}.Debug|Any CPU.ActiveCfg = Debug|Any CPU
		{C87C3F62-F433-4708-AE0A-859909DF87C1}.Debug|Any CPU.Build.0 = Debug|Any CPU
		{C87C3F62-F433-4708-AE0A-859909DF87C1}.Release|Any CPU.ActiveCfg = Release|Any CPU
		{C87C3F62-F433-4708-AE0A-859909DF87C1}.Release|Any CPU.Build.0 = Release|Any CPU
	EndGlobalSection
	GlobalSection(SolutionProperties) = preSolution
		HideSolutionNode = FALSE
	EndGlobalSection
	GlobalSection(ExtensibilityGlobals) = postSolution
		SolutionGuid = {A4056381-D274-4D5C-95B3-197C1865DFDB}
	EndGlobalSection
EndGlobal
